
Microsoft Visual Studio Solution File, Format Version 12.00
# Visual Studio 15
VisualStudioVersion = 15.0.28307.1321
MinimumVisualStudioVersion = 10.0.40219.1
Project("{FAE04EC0-301F-11D3-BF4B-00C04F79EFBC}") = "myCSharpTest", "myCShapeTest\myCSharpTest.csproj", "{CD31200E-9351-4B94-84E6-FF7892766FED}"
EndProject
Global
	GlobalSection(SolutionConfigurationPlatforms) = preSolution
		Debug|Any CPU = Debug|Any CPU
		Release|Any CPU = Release|Any CPU
	EndGlobalSection
	GlobalSection(ProjectConfigurationPlatforms) = postSolution
		{CD31200E-9351-4B94-84E6-FF7892766FED}.Debug|Any CPU.ActiveCfg = Debug|Any CPU
		{CD31200E-9351-4B94-84E6-FF7892766FED}.Debug|Any CPU.Build.0 = Debug|Any CPU
		{CD31200E-9351-4B94-84E6-FF7892766FED}.Release|Any CPU.ActiveCfg = Release|Any CPU
		{CD31200E-9351-4B94-84E6-FF7892766FED}.Release|Any CPU.Build.0 = Release|Any CPU
	EndGlobalSection
	GlobalSection(SolutionProperties) = preSolution
		HideSolutionNode = FALSE
	EndGlobalSection
	GlobalSection(ExtensibilityGlobals) = postSolution
		SolutionGuid = {9673AB26-D468-4CC4-A7DB-0023AB649D55}
	EndGlobalSection
EndGlobal
